
Microsoft Visual Studio Solution File, Format Version 12.00
# Visual Studio Version 16
VisualStudioVersion = 16.0.29509.3
MinimumVisualStudioVersion = 10.0.40219.1
Project("{FAE04EC0-301F-11D3-BF4B-00C04F79EFBC}") = "EncryptDecrypt", "EncryptDecrypt\EncryptDecrypt.csproj", "{C2B10662-A641-46CB-B3B7-FD228265059B}"
EndProject
Project("{FAE04EC0-301F-11D3-BF4B-00C04F79EFBC}") = "PaJaMa.Common", "..\Common\PaJaMa.Common.csproj", "{4C71ADA7-E306-467A-B014-9BD42287DCB1}"
EndProject
Project("{FAE04EC0-301F-11D3-BF4B-00C04F79EFBC}") = "EncryptDecryptMobile.Android", "EncryptDecryptMobile\EncryptDecryptMobile.Android\EncryptDecryptMobile.Android.csproj", "{89E9C9AB-C793-443A-AB3A-F9492A38FF2B}"
EndProject
Project("{FAE04EC0-301F-11D3-BF4B-00C04F79EFBC}") = "EncryptDecryptMobile.iOS", "EncryptDecryptMobile\EncryptDecryptMobile.iOS\EncryptDecryptMobile.iOS.csproj", "{B85C949D-B9CA-423B-A469-41E67FCC4444}"
EndProject
Project("{9A19103F-16F7-4668-BE54-9A1E7A4F7556}") = "EncryptDecryptMobile", "EncryptDecryptMobile\EncryptDecryptMobile\EncryptDecryptMobile.csproj", "{5AB1B668-E6D9-415D-9049-AC5E256AE161}"
EndProject
Project("{FAE04EC0-301F-11D3-BF4B-00C04F79EFBC}") = "PaJaMa.WinControls", "..\WinControls\PaJaMa.WinControls.csproj", "{BD3684C1-DD08-441F-9448-CA39006E113A}"
EndProject
Global
	GlobalSection(SolutionConfigurationPlatforms) = preSolution
		Debug|Any CPU = Debug|Any CPU
		Debug|iPhone = Debug|iPhone
		Debug|iPhoneSimulator = Debug|iPhoneSimulator
		Debug|x64 = Debug|x64
		Debug|x86 = Debug|x86
		Debug2|Any CPU = Debug2|Any CPU
		Debug2|iPhone = Debug2|iPhone
		Debug2|iPhoneSimulator = Debug2|iPhoneSimulator
		Debug2|x64 = Debug2|x64
		Debug2|x86 = Debug2|x86
		Release|Any CPU = Release|Any CPU
		Release|iPhone = Release|iPhone
		Release|iPhoneSimulator = Release|iPhoneSimulator
		Release|x64 = Release|x64
		Release|x86 = Release|x86
		ReleaseDropbox|Any CPU = ReleaseDropbox|Any CPU
		ReleaseDropbox|iPhone = ReleaseDropbox|iPhone
		ReleaseDropbox|iPhoneSimulator = ReleaseDropbox|iPhoneSimulator
		ReleaseDropbox|x64 = ReleaseDropbox|x64
		ReleaseDropbox|x86 = ReleaseDropbox|x86
		x86|Any CPU = x86|Any CPU
		x86|iPhone = x86|iPhone
		x86|iPhoneSimulator = x86|iPhoneSimulator
		x86|x64 = x86|x64
		x86|x86 = x86|x86
	EndGlobalSection
	GlobalSection(ProjectConfigurationPlatforms) = postSolution
		{C2B10662-A641-46CB-B3B7-FD228265059B}.Debug|Any CPU.ActiveCfg = Debug|Any CPU
		{C2B10662-A641-46CB-B3B7-FD228265059B}.Debug|Any CPU.Build.0 = Debug|Any CPU
		{C2B10662-A641-46CB-B3B7-FD228265059B}.Debug|iPhone.ActiveCfg = Debug|Any CPU
		{C2B10662-A641-46CB-B3B7-FD228265059B}.Debug|iPhone.Build.0 = Debug|Any CPU
		{C2B10662-A641-46CB-B3B7-FD228265059B}.Debug|iPhoneSimulator.ActiveCfg = Debug|Any CPU
		{C2B10662-A641-46CB-B3B7-FD228265059B}.Debug|iPhoneSimulator.Build.0 = Debug|Any CPU
		{C2B10662-A641-46CB-B3B7-FD228265059B}.Debug|x64.ActiveCfg = Debug|Any CPU
		{C2B10662-A641-46CB-B3B7-FD228265059B}.Debug|x64.Build.0 = Debug|Any CPU
		{C2B10662-A641-46CB-B3B7-FD228265059B}.Debug|x86.ActiveCfg = Debug|Any CPU
		{C2B10662-A641-46CB-B3B7-FD228265059B}.Debug|x86.Build.0 = Debug|Any CPU
		{C2B10662-A641-46CB-B3B7-FD228265059B}.Debug2|Any CPU.ActiveCfg = Debug|Any CPU
		{C2B10662-A641-46CB-B3B7-FD228265059B}.Debug2|Any CPU.Build.0 = Debug|Any CPU
		{C2B10662-A641-46CB-B3B7-FD228265059B}.Debug2|iPhone.ActiveCfg = Debug|Any CPU
		{C2B10662-A641-46CB-B3B7-FD228265059B}.Debug2|iPhone.Build.0 = Debug|Any CPU
		{C2B10662-A641-46CB-B3B7-FD228265059B}.Debug2|iPhoneSimulator.ActiveCfg = Debug|Any CPU
		{C2B10662-A641-46CB-B3B7-FD228265059B}.Debug2|iPhoneSimulator.Build.0 = Debug|Any CPU
		{C2B10662-A641-46CB-B3B7-FD228265059B}.Debug2|x64.ActiveCfg = Debug|Any CPU
		{C2B10662-A641-46CB-B3B7-FD228265059B}.Debug2|x64.Build.0 = Debug|Any CPU
		{C2B10662-A641-46CB-B3B7-FD228265059B}.Debug2|x86.ActiveCfg = Debug|Any CPU
		{C2B10662-A641-46CB-B3B7-FD228265059B}.Debug2|x86.Build.0 = Debug|Any CPU
		{C2B10662-A641-46CB-B3B7-FD228265059B}.Release|Any CPU.ActiveCfg = Release|Any CPU
		{C2B10662-A641-46CB-B3B7-FD228265059B}.Release|Any CPU.Build.0 = Release|Any CPU
		{C2B10662-A641-46CB-B3B7-FD228265059B}.Release|iPhone.ActiveCfg = Release|Any CPU
		{C2B10662-A641-46CB-B3B7-FD228265059B}.Release|iPhone.Build.0 = Release|Any CPU
		{C2B10662-A641-46CB-B3B7-FD228265059B}.Release|iPhoneSimulator.ActiveCfg = Release|Any CPU
		{C2B10662-A641-46CB-B3B7-FD228265059B}.Release|iPhoneSimulator.Build.0 = Release|Any CPU
		{C2B10662-A641-46CB-B3B7-FD228265059B}.Release|x64.ActiveCfg = Release|Any CPU
		{C2B10662-A641-46CB-B3B7-FD228265059B}.Release|x64.Build.0 = Release|Any CPU
		{C2B10662-A641-46CB-B3B7-FD228265059B}.Release|x86.ActiveCfg = Release|Any CPU
		{C2B10662-A641-46CB-B3B7-FD228265059B}.Release|x86.Build.0 = Release|Any CPU
		{C2B10662-A641-46CB-B3B7-FD228265059B}.ReleaseDropbox|Any CPU.ActiveCfg = ReleaseDropbox|Any CPU
		{C2B10662-A641-46CB-B3B7-FD228265059B}.ReleaseDropbox|Any CPU.Build.0 = ReleaseDropbox|Any CPU
		{C2B10662-A641-46CB-B3B7-FD228265059B}.ReleaseDropbox|iPhone.ActiveCfg = ReleaseDropbox|Any CPU
		{C2B10662-A641-46CB-B3B7-FD228265059B}.ReleaseDropbox|iPhone.Build.0 = ReleaseDropbox|Any CPU
		{C2B10662-A641-46CB-B3B7-FD228265059B}.ReleaseDropbox|iPhoneSimulator.ActiveCfg = ReleaseDropbox|Any CPU
		{C2B10662-A641-46CB-B3B7-FD228265059B}.ReleaseDropbox|iPhoneSimulator.Build.0 = ReleaseDropbox|Any CPU
		{C2B10662-A641-46CB-B3B7-FD228265059B}.ReleaseDropbox|x64.ActiveCfg = ReleaseDropbox|Any CPU
		{C2B10662-A641-46CB-B3B7-FD228265059B}.ReleaseDropbox|x64.Build.0 = ReleaseDropbox|Any CPU
		{C2B10662-A641-46CB-B3B7-FD228265059B}.ReleaseDropbox|x86.ActiveCfg = ReleaseDropbox|Any CPU
		{C2B10662-A641-46CB-B3B7-FD228265059B}.ReleaseDropbox|x86.Build.0 = ReleaseDropbox|Any CPU
		{C2B10662-A641-46CB-B3B7-FD228265059B}.x86|Any CPU.ActiveCfg = ReleaseDropbox|Any CPU
		{C2B10662-A641-46CB-B3B7-FD228265059B}.x86|Any CPU.Build.0 = ReleaseDropbox|Any CPU
		{C2B10662-A641-46CB-B3B7-FD228265059B}.x86|iPhone.ActiveCfg = ReleaseDropbox|Any CPU
		{C2B10662-A641-46CB-B3B7-FD228265059B}.x86|iPhone.Build.0 = ReleaseDropbox|Any CPU
		{C2B10662-A641-46CB-B3B7-FD228265059B}.x86|iPhoneSimulator.ActiveCfg = ReleaseDropbox|Any CPU
		{C2B10662-A641-46CB-B3B7-FD228265059B}.x86|iPhoneSimulator.Build.0 = ReleaseDropbox|Any CPU
		{C2B10662-A641-46CB-B3B7-FD228265059B}.x86|x64.ActiveCfg = ReleaseDropbox|Any CPU
		{C2B10662-A641-46CB-B3B7-FD228265059B}.x86|x64.Build.0 = ReleaseDropbox|Any CPU
		{C2B10662-A641-46CB-B3B7-FD228265059B}.x86|x86.ActiveCfg = ReleaseDropbox|Any CPU
		{C2B10662-A641-46CB-B3B7-FD228265059B}.x86|x86.Build.0 = ReleaseDropbox|Any CPU
		{4C71ADA7-E306-467A-B014-9BD42287DCB1}.Debug|Any CPU.ActiveCfg = Debug|Any CPU
		{4C71ADA7-E306-467A-B014-9BD42287DCB1}.Debug|Any CPU.Build.0 = Debug|Any CPU
		{4C71ADA7-E306-467A-B014-9BD42287DCB1}.Debug|iPhone.ActiveCfg = Debug|Any CPU
		{4C71ADA7-E306-467A-B014-9BD42287DCB1}.Debug|iPhone.Build.0 = Debug|Any CPU
		{4C71ADA7-E306-467A-B014-9BD42287DCB1}.Debug|iPhoneSimulator.ActiveCfg = Debug|Any CPU
		{4C71ADA7-E306-467A-B014-9BD42287DCB1}.Debug|iPhoneSimulator.Build.0 = Debug|Any CPU
		{4C71ADA7-E306-467A-B014-9BD42287DCB1}.Debug|x64.ActiveCfg = Debug|x64
		{4C71ADA7-E306-467A-B014-9BD42287DCB1}.Debug|x64.Build.0 = Debug|x64
		{4C71ADA7-E306-467A-B014-9BD42287DCB1}.Debug|x86.ActiveCfg = Debug|x86
		{4C71ADA7-E306-467A-B014-9BD42287DCB1}.Debug|x86.Build.0 = Debug|x86
		{4C71ADA7-E306-467A-B014-9BD42287DCB1}.Debug2|Any CPU.ActiveCfg = Debug2|Any CPU
		{4C71ADA7-E306-467A-B014-9BD42287DCB1}.Debug2|Any CPU.Build.0 = Debug2|Any CPU
		{4C71ADA7-E306-467A-B014-9BD42287DCB1}.Debug2|iPhone.ActiveCfg = Debug2|Any CPU
		{4C71ADA7-E306-467A-B014-9BD42287DCB1}.Debug2|iPhone.Build.0 = Debug2|Any CPU
		{4C71ADA7-E306-467A-B014-9BD42287DCB1}.Debug2|iPhoneSimulator.ActiveCfg = Debug2|Any CPU
		{4C71ADA7-E306-467A-B014-9BD42287DCB1}.Debug2|iPhoneSimulator.Build.0 = Debug2|Any CPU
		{4C71ADA7-E306-467A-B014-9BD42287DCB1}.Debug2|x64.ActiveCfg = Debug2|x64
		{4C71ADA7-E306-467A-B014-9BD42287DCB1}.Debug2|x64.Build.0 = Debug2|x64
		{4C71ADA7-E306-467A-B014-9BD42287DCB1}.Debug2|x86.ActiveCfg = Debug2|x86
		{4C71ADA7-E306-467A-B014-9BD42287DCB1}.Debug2|x86.Build.0 = Debug2|x86
		{4C71ADA7-E306-467A-B014-9BD42287DCB1}.Release|Any CPU.ActiveCfg = Release|Any CPU
		{4C71ADA7-E306-467A-B014-9BD42287DCB1}.Release|Any CPU.Build.0 = Release|Any CPU
		{4C71ADA7-E306-467A-B014-9BD42287DCB1}.Release|iPhone.ActiveCfg = Release|Any CPU
		{4C71ADA7-E306-467A-B014-9BD42287DCB1}.Release|iPhone.Build.0 = Release|Any CPU
		{4C71ADA7-E306-467A-B014-9BD42287DCB1}.Release|iPhoneSimulator.ActiveCfg = Release|Any CPU
		{4C71ADA7-E306-467A-B014-9BD42287DCB1}.Release|iPhoneSimulator.Build.0 = Release|Any CPU
		{4C71ADA7-E306-467A-B014-9BD42287DCB1}.Release|x64.ActiveCfg = Release|x64
		{4C71ADA7-E306-467A-B014-9BD42287DCB1}.Release|x64.Build.0 = Release|x64
		{4C71ADA7-E306-467A-B014-9BD42287DCB1}.Release|x86.ActiveCfg = Release|x86
		{4C71ADA7-E306-467A-B014-9BD42287DCB1}.Release|x86.Build.0 = Release|x86
		{4C71ADA7-E306-467A-B014-9BD42287DCB1}.ReleaseDropbox|Any CPU.ActiveCfg = Release|Any CPU
		{4C71ADA7-E306-467A-B014-9BD42287DCB1}.ReleaseDropbox|Any CPU.Build.0 = Release|Any CPU
		{4C71ADA7-E306-467A-B014-9BD42287DCB1}.ReleaseDropbox|iPhone.ActiveCfg = Release|Any CPU
		{4C71ADA7-E306-467A-B014-9BD42287DCB1}.ReleaseDropbox|iPhone.Build.0 = Release|Any CPU
		{4C71ADA7-E306-467A-B014-9BD42287DCB1}.ReleaseDropbox|iPhoneSimulator.ActiveCfg = Release|Any CPU
		{4C71ADA7-E306-467A-B014-9BD42287DCB1}.ReleaseDropbox|iPhoneSimulator.Build.0 = Release|Any CPU
		{4C71ADA7-E306-467A-B014-9BD42287DCB1}.ReleaseDropbox|x64.ActiveCfg = Release|x64
		{4C71ADA7-E306-467A-B014-9BD42287DCB1}.ReleaseDropbox|x64.Build.0 = Release|x64
		{4C71ADA7-E306-467A-B014-9BD42287DCB1}.ReleaseDropbox|x86.ActiveCfg = Release|x86
		{4C71ADA7-E306-467A-B014-9BD42287DCB1}.ReleaseDropbox|x86.Build.0 = Release|x86
		{4C71ADA7-E306-467A-B014-9BD42287DCB1}.x86|Any CPU.ActiveCfg = x86|Any CPU
		{4C71ADA7-E306-467A-B014-9BD42287DCB1}.x86|Any CPU.Build.0 = x86|Any CPU
		{4C71ADA7-E306-467A-B014-9BD42287DCB1}.x86|iPhone.ActiveCfg = x86|Any CPU
		{4C71ADA7-E306-467A-B014-9BD42287DCB1}.x86|iPhone.Build.0 = x86|Any CPU
		{4C71ADA7-E306-467A-B014-9BD42287DCB1}.x86|iPhoneSimulator.ActiveCfg = x86|Any CPU
		{4C71ADA7-E306-467A-B014-9BD42287DCB1}.x86|iPhoneSimulator.Build.0 = x86|Any CPU
		{4C71ADA7-E306-467A-B014-9BD42287DCB1}.x86|x64.ActiveCfg = x86|x64
		{4C71ADA7-E306-467A-B014-9BD42287DCB1}.x86|x64.Build.0 = x86|x64
		{4C71ADA7-E306-467A-B014-9BD42287DCB1}.x86|x86.ActiveCfg = x86|x86
		{4C71ADA7-E306-467A-B014-9BD42287DCB1}.x86|x86.Build.0 = x86|x86
		{89E9C9AB-C793-443A-AB3A-F9492A38FF2B}.Debug|Any CPU.ActiveCfg = Debug|Any CPU
		{89E9C9AB-C793-443A-AB3A-F9492A38FF2B}.Debug|Any CPU.Build.0 = Debug|Any CPU
		{89E9C9AB-C793-443A-AB3A-F9492A38FF2B}.Debug|Any CPU.Deploy.0 = Debug|Any CPU
		{89E9C9AB-C793-443A-AB3A-F9492A38FF2B}.Debug|iPhone.ActiveCfg = Debug|Any CPU
		{89E9C9AB-C793-443A-AB3A-F9492A38FF2B}.Debug|iPhone.Build.0 = Debug|Any CPU
		{89E9C9AB-C793-443A-AB3A-F9492A38FF2B}.Debug|iPhone.Deploy.0 = Debug|Any CPU
		{89E9C9AB-C793-443A-AB3A-F9492A38FF2B}.Debug|iPhoneSimulator.ActiveCfg = Debug|Any CPU
		{89E9C9AB-C793-443A-AB3A-F9492A38FF2B}.Debug|iPhoneSimulator.Build.0 = Debug|Any CPU
		{89E9C9AB-C793-443A-AB3A-F9492A38FF2B}.Debug|iPhoneSimulator.Deploy.0 = Debug|Any CPU
		{89E9C9AB-C793-443A-AB3A-F9492A38FF2B}.Debug|x64.ActiveCfg = Debug|Any CPU
		{89E9C9AB-C793-443A-AB3A-F9492A38FF2B}.Debug|x64.Build.0 = Debug|Any CPU
		{89E9C9AB-C793-443A-AB3A-F9492A38FF2B}.Debug|x64.Deploy.0 = Debug|Any CPU
		{89E9C9AB-C793-443A-AB3A-F9492A38FF2B}.Debug|x86.ActiveCfg = Debug|Any CPU
		{89E9C9AB-C793-443A-AB3A-F9492A38FF2B}.Debug|x86.Build.0 = Debug|Any CPU
		{89E9C9AB-C793-443A-AB3A-F9492A38FF2B}.Debug|x86.Deploy.0 = Debug|Any CPU
		{89E9C9AB-C793-443A-AB3A-F9492A38FF2B}.Debug2|Any CPU.ActiveCfg = Debug|Any CPU
		{89E9C9AB-C793-443A-AB3A-F9492A38FF2B}.Debug2|Any CPU.Build.0 = Debug|Any CPU
		{89E9C9AB-C793-443A-AB3A-F9492A38FF2B}.Debug2|Any CPU.Deploy.0 = Debug|Any CPU
		{89E9C9AB-C793-443A-AB3A-F9492A38FF2B}.Debug2|iPhone.ActiveCfg = Debug|Any CPU
		{89E9C9AB-C793-443A-AB3A-F9492A38FF2B}.Debug2|iPhone.Build.0 = Debug|Any CPU
		{89E9C9AB-C793-443A-AB3A-F9492A38FF2B}.Debug2|iPhone.Deploy.0 = Debug|Any CPU
		{89E9C9AB-C793-443A-AB3A-F9492A38FF2B}.Debug2|iPhoneSimulator.ActiveCfg = Debug|Any CPU
		{89E9C9AB-C793-443A-AB3A-F9492A38FF2B}.Debug2|iPhoneSimulator.Build.0 = Debug|Any CPU
		{89E9C9AB-C793-443A-AB3A-F9492A38FF2B}.Debug2|iPhoneSimulator.Deploy.0 = Debug|Any CPU
		{89E9C9AB-C793-443A-AB3A-F9492A38FF2B}.Debug2|x64.ActiveCfg = Debug|Any CPU
		{89E9C9AB-C793-443A-AB3A-F9492A38FF2B}.Debug2|x64.Build.0 = Debug|Any CPU
		{89E9C9AB-C793-443A-AB3A-F9492A38FF2B}.Debug2|x64.Deploy.0 = Debug|Any CPU
		{89E9C9AB-C793-443A-AB3A-F9492A38FF2B}.Debug2|x86.ActiveCfg = Debug|Any CPU
		{89E9C9AB-C793-443A-AB3A-F9492A38FF2B}.Debug2|x86.Build.0 = Debug|Any CPU
		{89E9C9AB-C793-443A-AB3A-F9492A38FF2B}.Debug2|x86.Deploy.0 = Debug|Any CPU
		{89E9C9AB-C793-443A-AB3A-F9492A38FF2B}.Release|Any CPU.ActiveCfg = Release|Any CPU
		{89E9C9AB-C793-443A-AB3A-F9492A38FF2B}.Release|Any CPU.Build.0 = Release|Any CPU
		{89E9C9AB-C793-443A-AB3A-F9492A38FF2B}.Release|Any CPU.Deploy.0 = Release|Any CPU
		{89E9C9AB-C793-443A-AB3A-F9492A38FF2B}.Release|iPhone.ActiveCfg = Release|Any CPU
		{89E9C9AB-C793-443A-AB3A-F9492A38FF2B}.Release|iPhone.Build.0 = Release|Any CPU
		{89E9C9AB-C793-443A-AB3A-F9492A38FF2B}.Release|iPhone.Deploy.0 = Release|Any CPU
		{89E9C9AB-C793-443A-AB3A-F9492A38FF2B}.Release|iPhoneSimulator.ActiveCfg = Release|Any CPU
		{89E9C9AB-C793-443A-AB3A-F9492A38FF2B}.Release|iPhoneSimulator.Build.0 = Release|Any CPU
		{89E9C9AB-C793-443A-AB3A-F9492A38FF2B}.Release|iPhoneSimulator.Deploy.0 = Release|Any CPU
		{89E9C9AB-C793-443A-AB3A-F9492A38FF2B}.Release|x64.ActiveCfg = Release|Any CPU
		{89E9C9AB-C793-443A-AB3A-F9492A38FF2B}.Release|x64.Build.0 = Release|Any CPU
		{89E9C9AB-C793-443A-AB3A-F9492A38FF2B}.Release|x64.Deploy.0 = Release|Any CPU
		{89E9C9AB-C793-443A-AB3A-F9492A38FF2B}.Release|x86.ActiveCfg = Release|Any CPU
		{89E9C9AB-C793-443A-AB3A-F9492A38FF2B}.Release|x86.Build.0 = Release|Any CPU
		{89E9C9AB-C793-443A-AB3A-F9492A38FF2B}.Release|x86.Deploy.0 = Release|Any CPU
		{89E9C9AB-C793-443A-AB3A-F9492A38FF2B}.ReleaseDropbox|Any CPU.ActiveCfg = Release|Any CPU
		{89E9C9AB-C793-443A-AB3A-F9492A38FF2B}.ReleaseDropbox|Any CPU.Build.0 = Release|Any CPU
		{89E9C9AB-C793-443A-AB3A-F9492A38FF2B}.ReleaseDropbox|Any CPU.Deploy.0 = Release|Any CPU
		{89E9C9AB-C793-443A-AB3A-F9492A38FF2B}.ReleaseDropbox|iPhone.ActiveCfg = Release|Any CPU
		{89E9C9AB-C793-443A-AB3A-F9492A38FF2B}.ReleaseDropbox|iPhone.Build.0 = Release|Any CPU
		{89E9C9AB-C793-443A-AB3A-F9492A38FF2B}.ReleaseDropbox|iPhone.Deploy.0 = Release|Any CPU
		{89E9C9AB-C793-443A-AB3A-F9492A38FF2B}.ReleaseDropbox|iPhoneSimulator.ActiveCfg = Release|Any CPU
		{89E9C9AB-C793-443A-AB3A-F9492A38FF2B}.ReleaseDropbox|iPhoneSimulator.Build.0 = Release|Any CPU
		{89E9C9AB-C793-443A-AB3A-F9492A38FF2B}.ReleaseDropbox|iPhoneSimulator.Deploy.0 = Release|Any CPU
		{89E9C9AB-C793-443A-AB3A-F9492A38FF2B}.ReleaseDropbox|x64.ActiveCfg = Release|Any CPU
		{89E9C9AB-C793-443A-AB3A-F9492A38FF2B}.ReleaseDropbox|x64.Build.0 = Release|Any CPU
		{89E9C9AB-C793-443A-AB3A-F9492A38FF2B}.ReleaseDropbox|x64.Deploy.0 = Release|Any CPU
		{89E9C9AB-C793-443A-AB3A-F9492A38FF2B}.ReleaseDropbox|x86.ActiveCfg = Release|Any CPU
		{89E9C9AB-C793-443A-AB3A-F9492A38FF2B}.ReleaseDropbox|x86.Build.0 = Release|Any CPU
		{89E9C9AB-C793-443A-AB3A-F9492A38FF2B}.ReleaseDropbox|x86.Deploy.0 = Release|Any CPU
		{89E9C9AB-C793-443A-AB3A-F9492A38FF2B}.x86|Any CPU.ActiveCfg = Release|Any CPU
		{89E9C9AB-C793-443A-AB3A-F9492A38FF2B}.x86|Any CPU.Build.0 = Release|Any CPU
		{89E9C9AB-C793-443A-AB3A-F9492A38FF2B}.x86|Any CPU.Deploy.0 = Release|Any CPU
		{89E9C9AB-C793-443A-AB3A-F9492A38FF2B}.x86|iPhone.ActiveCfg = Release|Any CPU
		{89E9C9AB-C793-443A-AB3A-F9492A38FF2B}.x86|iPhone.Build.0 = Release|Any CPU
		{89E9C9AB-C793-443A-AB3A-F9492A38FF2B}.x86|iPhone.Deploy.0 = Release|Any CPU
		{89E9C9AB-C793-443A-AB3A-F9492A38FF2B}.x86|iPhoneSimulator.ActiveCfg = Release|Any CPU
		{89E9C9AB-C793-443A-AB3A-F9492A38FF2B}.x86|iPhoneSimulator.Build.0 = Release|Any CPU
		{89E9C9AB-C793-443A-AB3A-F9492A38FF2B}.x86|iPhoneSimulator.Deploy.0 = Release|Any CPU
		{89E9C9AB-C793-443A-AB3A-F9492A38FF2B}.x86|x64.ActiveCfg = Release|Any CPU
		{89E9C9AB-C793-443A-AB3A-F9492A38FF2B}.x86|x64.Build.0 = Release|Any CPU
		{89E9C9AB-C793-443A-AB3A-F9492A38FF2B}.x86|x64.Deploy.0 = Release|Any CPU
		{89E9C9AB-C793-443A-AB3A-F9492A38FF2B}.x86|x86.ActiveCfg = Release|Any CPU
		{89E9C9AB-C793-443A-AB3A-F9492A38FF2B}.x86|x86.Build.0 = Release|Any CPU
		{89E9C9AB-C793-443A-AB3A-F9492A38FF2B}.x86|x86.Deploy.0 = Release|Any CPU
		{B85C949D-B9CA-423B-A469-41E67FCC4444}.Debug|Any CPU.ActiveCfg = Debug|iPhone
		{B85C949D-B9CA-423B-A469-41E67FCC4444}.Debug|iPhone.ActiveCfg = Debug|iPhone
		{B85C949D-B9CA-423B-A469-41E67FCC4444}.Debug|iPhone.Build.0 = Debug|iPhone
		{B85C949D-B9CA-423B-A469-41E67FCC4444}.Debug|iPhoneSimulator.ActiveCfg = Debug|iPhoneSimulator
		{B85C949D-B9CA-423B-A469-41E67FCC4444}.Debug|iPhoneSimulator.Build.0 = Debug|iPhoneSimulator
		{B85C949D-B9CA-423B-A469-41E67FCC4444}.Debug|x64.ActiveCfg = Debug|iPhone
		{B85C949D-B9CA-423B-A469-41E67FCC4444}.Debug|x86.ActiveCfg = Debug|iPhone
		{B85C949D-B9CA-423B-A469-41E67FCC4444}.Debug2|Any CPU.ActiveCfg = Release|iPhone
		{B85C949D-B9CA-423B-A469-41E67FCC4444}.Debug2|Any CPU.Build.0 = Release|iPhone
		{B85C949D-B9CA-423B-A469-41E67FCC4444}.Debug2|iPhone.ActiveCfg = Debug|iPhone
		{B85C949D-B9CA-423B-A469-41E67FCC4444}.Debug2|iPhone.Build.0 = Debug|iPhone
		{B85C949D-B9CA-423B-A469-41E67FCC4444}.Debug2|iPhoneSimulator.ActiveCfg = Debug|iPhoneSimulator
		{B85C949D-B9CA-423B-A469-41E67FCC4444}.Debug2|iPhoneSimulator.Build.0 = Debug|iPhoneSimulator
		{B85C949D-B9CA-423B-A469-41E67FCC4444}.Debug2|x64.ActiveCfg = Release|iPhone
		{B85C949D-B9CA-423B-A469-41E67FCC4444}.Debug2|x64.Build.0 = Release|iPhone
		{B85C949D-B9CA-423B-A469-41E67FCC4444}.Debug2|x86.ActiveCfg = Release|iPhone
		{B85C949D-B9CA-423B-A469-41E67FCC4444}.Debug2|x86.Build.0 = Release|iPhone
		{B85C949D-B9CA-423B-A469-41E67FCC4444}.Release|Any CPU.ActiveCfg = Release|iPhone
		{B85C949D-B9CA-423B-A469-41E67FCC4444}.Release|iPhone.ActiveCfg = Release|iPhone
		{B85C949D-B9CA-423B-A469-41E67FCC4444}.Release|iPhone.Build.0 = Release|iPhone
		{B85C949D-B9CA-423B-A469-41E67FCC4444}.Release|iPhoneSimulator.ActiveCfg = Release|iPhoneSimulator
		{B85C949D-B9CA-423B-A469-41E67FCC4444}.Release|iPhoneSimulator.Build.0 = Release|iPhoneSimulator
		{B85C949D-B9CA-423B-A469-41E67FCC4444}.Release|x64.ActiveCfg = Release|iPhone
		{B85C949D-B9CA-423B-A469-41E67FCC4444}.Release|x86.ActiveCfg = Release|iPhone
		{B85C949D-B9CA-423B-A469-41E67FCC4444}.ReleaseDropbox|Any CPU.ActiveCfg = Release|iPhone
		{B85C949D-B9CA-423B-A469-41E67FCC4444}.ReleaseDropbox|Any CPU.Build.0 = Release|iPhone
		{B85C949D-B9CA-423B-A469-41E67FCC4444}.ReleaseDropbox|iPhone.ActiveCfg = Release|iPhone
		{B85C949D-B9CA-423B-A469-41E67FCC4444}.ReleaseDropbox|iPhone.Build.0 = Release|iPhone
		{B85C949D-B9CA-423B-A469-41E67FCC4444}.ReleaseDropbox|iPhoneSimulator.ActiveCfg = Release|iPhoneSimulator
		{B85C949D-B9CA-423B-A469-41E67FCC4444}.ReleaseDropbox|iPhoneSimulator.Build.0 = Release|iPhoneSimulator
		{B85C949D-B9CA-423B-A469-41E67FCC4444}.ReleaseDropbox|x64.ActiveCfg = Release|iPhone
		{B85C949D-B9CA-423B-A469-41E67FCC4444}.ReleaseDropbox|x64.Build.0 = Release|iPhone
		{B85C949D-B9CA-423B-A469-41E67FCC4444}.ReleaseDropbox|x86.ActiveCfg = Release|iPhone
		{B85C949D-B9CA-423B-A469-41E67FCC4444}.ReleaseDropbox|x86.Build.0 = Release|iPhone
		{B85C949D-B9CA-423B-A469-41E67FCC4444}.x86|Any CPU.ActiveCfg = Release|iPhone
		{B85C949D-B9CA-423B-A469-41E67FCC4444}.x86|Any CPU.Build.0 = Release|iPhone
		{B85C949D-B9CA-423B-A469-41E67FCC4444}.x86|iPhone.ActiveCfg = Release|iPhone
		{B85C949D-B9CA-423B-A469-41E67FCC4444}.x86|iPhone.Build.0 = Release|iPhone
		{B85C949D-B9CA-423B-A469-41E67FCC4444}.x86|iPhoneSimulator.ActiveCfg = Release|iPhoneSimulator
		{B85C949D-B9CA-423B-A469-41E67FCC4444}.x86|iPhoneSimulator.Build.0 = Release|iPhoneSimulator
		{B85C949D-B9CA-423B-A469-41E67FCC4444}.x86|x64.ActiveCfg = Release|iPhone
		{B85C949D-B9CA-423B-A469-41E67FCC4444}.x86|x64.Build.0 = Release|iPhone
		{B85C949D-B9CA-423B-A469-41E67FCC4444}.x86|x86.ActiveCfg = Release|iPhone
		{B85C949D-B9CA-423B-A469-41E67FCC4444}.x86|x86.Build.0 = Release|iPhone
		{5AB1B668-E6D9-415D-9049-AC5E256AE161}.Debug|Any CPU.ActiveCfg = Debug|Any CPU
		{5AB1B668-E6D9-415D-9049-AC5E256AE161}.Debug|Any CPU.Build.0 = Debug|Any CPU
		{5AB1B668-E6D9-415D-9049-AC5E256AE161}.Debug|iPhone.ActiveCfg = Debug|Any CPU
		{5AB1B668-E6D9-415D-9049-AC5E256AE161}.Debug|iPhone.Build.0 = Debug|Any CPU
		{5AB1B668-E6D9-415D-9049-AC5E256AE161}.Debug|iPhoneSimulator.ActiveCfg = Debug|Any CPU
		{5AB1B668-E6D9-415D-9049-AC5E256AE161}.Debug|iPhoneSimulator.Build.0 = Debug|Any CPU
		{5AB1B668-E6D9-415D-9049-AC5E256AE161}.Debug|x64.ActiveCfg = Debug|Any CPU
		{5AB1B668-E6D9-415D-9049-AC5E256AE161}.Debug|x64.Build.0 = Debug|Any CPU
		{5AB1B668-E6D9-415D-9049-AC5E256AE161}.Debug|x86.ActiveCfg = Debug|Any CPU
		{5AB1B668-E6D9-415D-9049-AC5E256AE161}.Debug|x86.Build.0 = Debug|Any CPU
		{5AB1B668-E6D9-415D-9049-AC5E256AE161}.Debug2|Any CPU.ActiveCfg = Debug|Any CPU
		{5AB1B668-E6D9-415D-9049-AC5E256AE161}.Debug2|Any CPU.Build.0 = Debug|Any CPU
		{5AB1B668-E6D9-415D-9049-AC5E256AE161}.Debug2|iPhone.ActiveCfg = Debug|Any CPU
		{5AB1B668-E6D9-415D-9049-AC5E256AE161}.Debug2|iPhone.Build.0 = Debug|Any CPU
		{5AB1B668-E6D9-415D-9049-AC5E256AE161}.Debug2|iPhoneSimulator.ActiveCfg = Debug|Any CPU
		{5AB1B668-E6D9-415D-9049-AC5E256AE161}.Debug2|iPhoneSimulator.Build.0 = Debug|Any CPU
		{5AB1B668-E6D9-415D-9049-AC5E256AE161}.Debug2|x64.ActiveCfg = Debug|Any CPU
		{5AB1B668-E6D9-415D-9049-AC5E256AE161}.Debug2|x64.Build.0 = Debug|Any CPU
		{5AB1B668-E6D9-415D-9049-AC5E256AE161}.Debug2|x86.ActiveCfg = Debug|Any CPU
		{5AB1B668-E6D9-415D-9049-AC5E256AE161}.Debug2|x86.Build.0 = Debug|Any CPU
		{5AB1B668-E6D9-415D-9049-AC5E256AE161}.Release|Any CPU.ActiveCfg = Release|Any CPU
		{5AB1B668-E6D9-415D-9049-AC5E256AE161}.Release|Any CPU.Build.0 = Release|Any CPU
		{5AB1B668-E6D9-415D-9049-AC5E256AE161}.Release|iPhone.ActiveCfg = Release|Any CPU
		{5AB1B668-E6D9-415D-9049-AC5E256AE161}.Release|iPhone.Build.0 = Release|Any CPU
		{5AB1B668-E6D9-415D-9049-AC5E256AE161}.Release|iPhoneSimulator.ActiveCfg = Release|Any CPU
		{5AB1B668-E6D9-415D-9049-AC5E256AE161}.Release|iPhoneSimulator.Build.0 = Release|Any CPU
		{5AB1B668-E6D9-415D-9049-AC5E256AE161}.Release|x64.ActiveCfg = Release|Any CPU
		{5AB1B668-E6D9-415D-9049-AC5E256AE161}.Release|x64.Build.0 = Release|Any CPU
		{5AB1B668-E6D9-415D-9049-AC5E256AE161}.Release|x86.ActiveCfg = Release|Any CPU
		{5AB1B668-E6D9-415D-9049-AC5E256AE161}.Release|x86.Build.0 = Release|Any CPU
		{5AB1B668-E6D9-415D-9049-AC5E256AE161}.ReleaseDropbox|Any CPU.ActiveCfg = Release|Any CPU
		{5AB1B668-E6D9-415D-9049-AC5E256AE161}.ReleaseDropbox|Any CPU.Build.0 = Release|Any CPU
		{5AB1B668-E6D9-415D-9049-AC5E256AE161}.ReleaseDropbox|iPhone.ActiveCfg = Release|Any CPU
		{5AB1B668-E6D9-415D-9049-AC5E256AE161}.ReleaseDropbox|iPhone.Build.0 = Release|Any CPU
		{5AB1B668-E6D9-415D-9049-AC5E256AE161}.ReleaseDropbox|iPhoneSimulator.ActiveCfg = Release|Any CPU
		{5AB1B668-E6D9-415D-9049-AC5E256AE161}.ReleaseDropbox|iPhoneSimulator.Build.0 = Release|Any CPU
		{5AB1B668-E6D9-415D-9049-AC5E256AE161}.ReleaseDropbox|x64.ActiveCfg = Release|Any CPU
		{5AB1B668-E6D9-415D-9049-AC5E256AE161}.ReleaseDropbox|x64.Build.0 = Release|Any CPU
		{5AB1B668-E6D9-415D-9049-AC5E256AE161}.ReleaseDropbox|x86.ActiveCfg = Release|Any CPU
		{5AB1B668-E6D9-415D-9049-AC5E256AE161}.ReleaseDropbox|x86.Build.0 = Release|Any CPU
		{5AB1B668-E6D9-415D-9049-AC5E256AE161}.x86|Any CPU.ActiveCfg = Debug|Any CPU
		{5AB1B668-E6D9-415D-9049-AC5E256AE161}.x86|Any CPU.Build.0 = Debug|Any CPU
		{5AB1B668-E6D9-415D-9049-AC5E256AE161}.x86|iPhone.ActiveCfg = Debug|Any CPU
		{5AB1B668-E6D9-415D-9049-AC5E256AE161}.x86|iPhone.Build.0 = Debug|Any CPU
		{5AB1B668-E6D9-415D-9049-AC5E256AE161}.x86|iPhoneSimulator.ActiveCfg = Debug|Any CPU
		{5AB1B668-E6D9-415D-9049-AC5E256AE161}.x86|iPhoneSimulator.Build.0 = Debug|Any CPU
		{5AB1B668-E6D9-415D-9049-AC5E256AE161}.x86|x64.ActiveCfg = Debug|Any CPU
		{5AB1B668-E6D9-415D-9049-AC5E256AE161}.x86|x64.Build.0 = Debug|Any CPU
		{5AB1B668-E6D9-415D-9049-AC5E256AE161}.x86|x86.ActiveCfg = Debug|Any CPU
		{5AB1B668-E6D9-415D-9049-AC5E256AE161}.x86|x86.Build.0 = Debug|Any CPU
		{BD3684C1-DD08-441F-9448-CA39006E113A}.Debug|Any CPU.ActiveCfg = Debug|Any CPU
		{BD3684C1-DD08-441F-9448-CA39006E113A}.Debug|Any CPU.Build.0 = Debug|Any CPU
		{BD3684C1-DD08-441F-9448-CA39006E113A}.Debug|iPhone.ActiveCfg = Debug|Any CPU
		{BD3684C1-DD08-441F-9448-CA39006E113A}.Debug|iPhone.Build.0 = Debug|Any CPU
		{BD3684C1-DD08-441F-9448-CA39006E113A}.Debug|iPhoneSimulator.ActiveCfg = Debug|Any CPU
		{BD3684C1-DD08-441F-9448-CA39006E113A}.Debug|iPhoneSimulator.Build.0 = Debug|Any CPU
		{BD3684C1-DD08-441F-9448-CA39006E113A}.Debug|x64.ActiveCfg = Debug|x64
		{BD3684C1-DD08-441F-9448-CA39006E113A}.Debug|x64.Build.0 = Debug|x64
		{BD3684C1-DD08-441F-9448-CA39006E113A}.Debug|x86.ActiveCfg = Debug|x86
		{BD3684C1-DD08-441F-9448-CA39006E113A}.Debug|x86.Build.0 = Debug|x86
		{BD3684C1-DD08-441F-9448-CA39006E113A}.Debug2|Any CPU.ActiveCfg = Debug|Any CPU
		{BD3684C1-DD08-441F-9448-CA39006E113A}.Debug2|Any CPU.Build.0 = Debug|Any CPU
		{BD3684C1-DD08-441F-9448-CA39006E113A}.Debug2|iPhone.ActiveCfg = Debug|Any CPU
		{BD3684C1-DD08-441F-9448-CA39006E113A}.Debug2|iPhone.Build.0 = Debug|Any CPU
		{BD3684C1-DD08-441F-9448-CA39006E113A}.Debug2|iPhoneSimulator.ActiveCfg = Debug|Any CPU
		{BD3684C1-DD08-441F-9448-CA39006E113A}.Debug2|iPhoneSimulator.Build.0 = Debug|Any CPU
		{BD3684C1-DD08-441F-9448-CA39006E113A}.Debug2|x64.ActiveCfg = Debug|x64
		{BD3684C1-DD08-441F-9448-CA39006E113A}.Debug2|x64.Build.0 = Debug|x64
		{BD3684C1-DD08-441F-9448-CA39006E113A}.Debug2|x86.ActiveCfg = Debug|x86
		{BD3684C1-DD08-441F-9448-CA39006E113A}.Debug2|x86.Build.0 = Debug|x86
		{BD3684C1-DD08-441F-9448-CA39006E113A}.Release|Any CPU.ActiveCfg = Release|Any CPU
		{BD3684C1-DD08-441F-9448-CA39006E113A}.Release|Any CPU.Build.0 = Release|Any CPU
		{BD3684C1-DD08-441F-9448-CA39006E113A}.Release|iPhone.ActiveCfg = Release|Any CPU
		{BD3684C1-DD08-441F-9448-CA39006E113A}.Release|iPhone.Build.0 = Release|Any CPU
		{BD3684C1-DD08-441F-9448-CA39006E113A}.Release|iPhoneSimulator.ActiveCfg = Release|Any CPU
		{BD3684C1-DD08-441F-9448-CA39006E113A}.Release|iPhoneSimulator.Build.0 = Release|Any CPU
		{BD3684C1-DD08-441F-9448-CA39006E113A}.Release|x64.ActiveCfg = Release|x64
		{BD3684C1-DD08-441F-9448-CA39006E113A}.Release|x64.Build.0 = Release|x64
		{BD3684C1-DD08-441F-9448-CA39006E113A}.Release|x86.ActiveCfg = Release|x86
		{BD3684C1-DD08-441F-9448-CA39006E113A}.Release|x86.Build.0 = Release|x86
		{BD3684C1-DD08-441F-9448-CA39006E113A}.ReleaseDropbox|Any CPU.ActiveCfg = Release|Any CPU
		{BD3684C1-DD08-441F-9448-CA39006E113A}.ReleaseDropbox|Any CPU.Build.0 = Release|Any CPU
		{BD3684C1-DD08-441F-9448-CA39006E113A}.ReleaseDropbox|iPhone.ActiveCfg = Release|Any CPU
		{BD3684C1-DD08-441F-9448-CA39006E113A}.ReleaseDropbox|iPhone.Build.0 = Release|Any CPU
		{BD3684C1-DD08-441F-9448-CA39006E113A}.ReleaseDropbox|iPhoneSimulator.ActiveCfg = Release|Any CPU
		{BD3684C1-DD08-441F-9448-CA39006E113A}.ReleaseDropbox|iPhoneSimulator.Build.0 = Release|Any CPU
		{BD3684C1-DD08-441F-9448-CA39006E113A}.ReleaseDropbox|x64.ActiveCfg = Release|x64
		{BD3684C1-DD08-441F-9448-CA39006E113A}.ReleaseDropbox|x64.Build.0 = Release|x64
		{BD3684C1-DD08-441F-9448-CA39006E113A}.ReleaseDropbox|x86.ActiveCfg = Release|x86
		{BD3684C1-DD08-441F-9448-CA39006E113A}.ReleaseDropbox|x86.Build.0 = Release|x86
		{BD3684C1-DD08-441F-9448-CA39006E113A}.x86|Any CPU.ActiveCfg = Release|Any CPU
		{BD3684C1-DD08-441F-9448-CA39006E113A}.x86|Any CPU.Build.0 = Release|Any CPU
		{BD3684C1-DD08-441F-9448-CA39006E113A}.x86|iPhone.ActiveCfg = Release|Any CPU
		{BD3684C1-DD08-441F-9448-CA39006E113A}.x86|iPhone.Build.0 = Release|Any CPU
		{BD3684C1-DD08-441F-9448-CA39006E113A}.x86|iPhoneSimulator.ActiveCfg = Release|Any CPU
		{BD3684C1-DD08-441F-9448-CA39006E113A}.x86|iPhoneSimulator.Build.0 = Release|Any CPU
		{BD3684C1-DD08-441F-9448-CA39006E113A}.x86|x64.ActiveCfg = Release|x64
		{BD3684C1-DD08-441F-9448-CA39006E113A}.x86|x64.Build.0 = Release|x64
		{BD3684C1-DD08-441F-9448-CA39006E113A}.x86|x86.ActiveCfg = Release|x86
		{BD3684C1-DD08-441F-9448-CA39006E113A}.x86|x86.Build.0 = Release|x86
	EndGlobalSection
	GlobalSection(SolutionProperties) = preSolution
		HideSolutionNode = FALSE
	EndGlobalSection
	GlobalSection(ExtensibilityGlobals) = postSolution
		SolutionGuid = {B1872C1C-0595-4A3B-8E93-3D7683E06CFB}
	EndGlobalSection
EndGlobal
